// !$*UTF8*$!
{
	archiveVersion = 1;
	classes = {
	};
	objectVersion = 77;
	objects = {

/* Begin PBXBuildFile section */
		AA000001AA000001AA000001 /* ComposableArchitecture in Frameworks */ = {isa = PBXBuildFile; productRef = AA000002AA000002AA000002 /* ComposableArchitecture */; };
/* End PBXBuildFile section */

/* Begin PBXContainerItemProxy section */
		80BE7A542F7030E800C9DCD9 /* PBXContainerItemProxy */ = {
			isa = PBXContainerItemProxy;
			containerPortal = 80BE7A3A2F7030E600C9DCD9 /* Project object */;
			proxyType = 1;
			remoteGlobalIDString = 80BE7A412F7030E600C9DCD9;
			remoteInfo = DataMirror;
		};
		80BE7A5E2F7030E800C9DCD9 /* PBXContainerItemProxy */ = {
			isa = PBXContainerItemProxy;
			containerPortal = 80BE7A3A2F7030E600C9DCD9 /* Project object */;
			proxyType = 1;
			remoteGlobalIDString = 80BE7A412F7030E600C9DCD9;
			remoteInfo = DataMirror;
		};
/* End PBXContainerItemProxy section */

/* Begin PBXFileReference section */
		80BE7A422F7030E600C9DCD9 /* DataMirror.app */ = {isa = PBXFileReference; explicitFileType = wrapper.application; includeInIndex = 0; path = DataMirror.app; sourceTree = BUILT_PRODUCTS_DIR; };
		80BE7A532F7030E800C9DCD9 /* DataMirrorTests.xctest */ = {isa = PBXFileReference; explicitFileType = wrapper.cfbundle; includeInIndex = 0; path = DataMirrorTests.xctest; sourceTree = BUILT_PRODUCTS_DIR; };
		80BE7A5D2F7030E800C9DCD9 /* DataMirrorUITests.xctest */ = {isa = PBXFileReference; explicitFileType = wrapper.cfbundle; includeInIndex = 0; path = DataMirrorUITests.xctest; sourceTree = BUILT_PRODUCTS_DIR; };
/* End PBXFileReference section */

/* Begin PBXFileSystemSynchronizedBuildFileExceptionSet section */
		80BE7A652F7030E800C9DCD9 /* Exceptions for "DataMirror" folder in "DataMirror" target */ = {
			isa = PBXFileSystemSynchronizedBuildFileExceptionSet;
			membershipExceptions = (
				Info.plist,
			);
			target = 80BE7A412F7030E600C9DCD9 /* DataMirror */;
		};
/* End PBXFileSystemSynchronizedBuildFileExceptionSet section */

/* Begin PBXFileSystemSynchronizedRootGroup section */
		80BE7A442F7030E600C9DCD9 /* DataMirror */ = {
			isa = PBXFileSystemSynchronizedRootGroup;
			exceptions = (
				80BE7A652F7030E800C9DCD9 /* Exceptions for "DataMirror" folder in "DataMirror" target */,
			);
			path = DataMirror;
			sourceTree = "<group>";
		};
		80BE7A562F7030E800C9DCD9 /* DataMirrorTests */ = {
			isa = PBXFileSystemSynchronizedRootGroup;
			path = DataMirrorTests;
			sourceTree = "<group>";
		};
		80BE7A602F7030E800C9DCD9 /* DataMirrorUITests */ = {
			isa = PBXFileSystemSynchronizedRootGroup;
			path = DataMirrorUITests;
			sourceTree = "<group>";
		};
/* End PBXFileSystemSynchronizedRootGroup section */

/* Begin PBXFrameworksBuildPhase section */
		80BE7A3F2F7030E600C9DCD9 /* Frameworks */ = {
			isa = PBXFrameworksBuildPhase;
			buildActionMask = 2147483647;
			files = (
				AA000001AA000001AA000001 /* ComposableArchitecture in Frameworks */,
			);
			runOnlyForDeploymentPostprocessing = 0;
		};
		80BE7A502F7030E800C9DCD9 /* Frameworks */ = {
			isa = PBXFrameworksBuildPhase;
			buildActionMask = 2147483647;
			files = (
			);
			runOnlyForDeploymentPostprocessing = 0;
		};
		80BE7A5A2F7030E800C9DCD9 /* Frameworks */ = {
			isa = PBXFrameworksBuildPhase;
			buildActionMask = 2147483647;
			files = (
			);
			runOnlyForDeploymentPostprocessing = 0;
		};
/* End PBXFrameworksBuildPhase section */

/* Begin PBXGroup section */
		80BE7A392F7030E600C9DCD9 = {
			isa = PBXGroup;
			children = (
				80BE7A442F7030E600C9DCD9 /* DataMirror */,
				80BE7A562F7030E800C9DCD9 /* DataMirrorTests */,
				80BE7A602F7030E800C9DCD9 /* DataMirrorUITests */,
				80BE7A432F7030E600C9DCD9 /* Products */,
			);
			sourceTree = "<group>";
		};
		80BE7A432F7030E600C9DCD9 /* Products */ = {
			isa = PBXGroup;
			children = (
				80BE7A422F7030E600C9DCD9 /* DataMirror.app */,
				80BE7A532F7030E800C9DCD9 /* DataMirrorTests.xctest */,
				80BE7A5D2F7030E800C9DCD9 /* DataMirrorUITests.xctest */,
			);
			name = Products;
			sourceTree = "<group>";
		};
/* End PBXGroup section */

/* Begin PBXNativeTarget section */
		80BE7A412F7030E600C9DCD9 /* DataMirror */ = {
			isa = PBXNativeTarget;
			buildConfigurationList = 80BE7A662F7030E800C9DCD9 /* Build configuration list for PBXNativeTarget "DataMirror" */;
			buildPhases = (
				80BE7A3E2F7030E600C9DCD9 /* Sources */,
				80BE7A3F2F7030E600C9DCD9 /* Frameworks */,
				80BE7A402F7030E600C9DCD9 /* Resources */,
			);
			buildRules = (
			);
			dependencies = (
			);
			fileSystemSynchronizedGroups = (
				80BE7A442F7030E600C9DCD9 /* DataMirror */,
			);
			name = DataMirror;
			packageProductDependencies = (
				AA000002AA000002AA000002 /* ComposableArchitecture */,
			);
			productName = DataMirror;
			productReference = 80BE7A422F7030E600C9DCD9 /* DataMirror.app */;
			productType = "com.apple.product-type.application";
		};
		80BE7A522F7030E800C9DCD9 /* DataMirrorTests */ = {
			isa = PBXNativeTarget;
			buildConfigurationList = 80BE7A6B2F7030E800C9DCD9 /* Build configuration list for PBXNativeTarget "DataMirrorTests" */;
			buildPhases = (
				80BE7A4F2F7030E800C9DCD9 /* Sources */,
				80BE7A502F7030E800C9DCD9 /* Frameworks */,
				80BE7A512F7030E800C9DCD9 /* Resources */,
			);
			buildRules = (
			);
			dependencies = (
				80BE7A552F7030E800C9DCD9 /* PBXTargetDependency */,
			);
			fileSystemSynchronizedGroups = (
				80BE7A562F7030E800C9DCD9 /* DataMirrorTests */,
			);
			name = DataMirrorTests;
			packageProductDependencies = (
			);
			productName = DataMirrorTests;
			productReference = 80BE7A532F7030E800C9DCD9 /* DataMirrorTests.xctest */;
			productType = "com.apple.product-type.bundle.unit-test";
		};
		80BE7A5C2F7030E800C9DCD9 /* DataMirrorUITests */ = {
			isa = PBXNativeTarget;
			buildConfigurationList = 80BE7A6E2F7030E800C9DCD9 /* Build configuration list for PBXNativeTarget "DataMirrorUITests" */;
			buildPhases = (
				80BE7A592F7030E800C9DCD9 /* Sources */,
				80BE7A5A2F7030E800C9DCD9 /* Frameworks */,
				80BE7A5B2F7030E800C9DCD9 /* Resources */,
			);
			buildRules = (
			);
			dependencies = (
				80BE7A5F2F7030E800C9DCD9 /* PBXTargetDependency */,
			);
			fileSystemSynchronizedGroups = (
				80BE7A602F7030E800C9DCD9 /* DataMirrorUITests */,
			);
			name = DataMirrorUITests;
			packageProductDependencies = (
			);
			productName = DataMirrorUITests;
			productReference = 80BE7A5D2F7030E800C9DCD9 /* DataMirrorUITests.xctest */;
			productType = "com.apple.product-type.bundle.ui-testing";
		};
/* End PBXNativeTarget section */

/* Begin PBXProject section */
		80BE7A3A2F7030E600C9DCD9 /* Project object */ = {
			isa = PBXProject;
			attributes = {
				BuildIndependentTargetsInParallel = 1;
				LastSwiftUpdateCheck = 2630;
				LastUpgradeCheck = 2630;
				TargetAttributes = {
					80BE7A412F7030E600C9DCD9 = {
						CreatedOnToolsVersion = 26.3;
					};
					80BE7A522F7030E800C9DCD9 = {
						CreatedOnToolsVersion = 26.3;
						TestTargetID = 80BE7A412F7030E600C9DCD9;
					};
					80BE7A5C2F7030E800C9DCD9 = {
						CreatedOnToolsVersion = 26.3;
						TestTargetID = 80BE7A412F7030E600C9DCD9;
					};
				};
			};
			buildConfigurationList = 80BE7A3D2F7030E600C9DCD9 /* Build configuration list for PBXProject "DataMirror" */;
			developmentRegion = en;
			hasScannedForEncodings = 0;
			knownRegions = (
				en,
				Base,
			);
			mainGroup = 80BE7A392F7030E600C9DCD9;
			minimizedProjectReferenceProxies = 1;
			packageReferences = (
				AA000003AA000003AA000003 /* XCRemoteSwiftPackageReference "swift-composable-architecture" */,
			);
			preferredProjectObjectVersion = 77;
			productRefGroup = 80BE7A432F7030E600C9DCD9 /* Products */;
			projectDirPath = "";
			projectRoot = "";
			targets = (
				80BE7A412F7030E600C9DCD9 /* DataMirror */,
				80BE7A522F7030E800C9DCD9 /* DataMirrorTests */,
				80BE7A5C2F7030E800C9DCD9 /* DataMirrorUITests */,
			);
		};
/* End PBXProject section */

/* Begin PBXResourcesBuildPhase section */
		80BE7A402F7030E600C9DCD9 /* Resources */ = {
			isa = PBXResourcesBuildPhase;
			buildActionMask = 2147483647;
			files = (
			);
			runOnlyForDeploymentPostprocessing = 0;
		};
		80BE7A512F7030E800C9DCD9 /* Resources */ = {
			isa = PBXResourcesBuildPhase;
			buildActionMask = 2147483647;
			files = (
			);
			runOnlyForDeploymentPostprocessing = 0;
		};
		80BE7A5B2F7030E800C9DCD9 /* Resources */ = {
			isa = PBXResourcesBuildPhase;
			buildActionMask = 2147483647;
			files = (
			);
			runOnlyForDeploymentPostprocessing = 0;
		};
/* End PBXResourcesBuildPhase section */

/* Begin PBXSourcesBuildPhase section */
		80BE7A3E2F7030E600C9DCD9 /* Sources */ = {
			isa = PBXSourcesBuildPhase;
			buildActionMask = 2147483647;
			files = (
			);
			runOnlyForDeploymentPostprocessing = 0;
		};
		80BE7A4F2F7030E800C9DCD9 /* Sources */ = {
			isa = PBXSourcesBuildPhase;
			buildActionMask = 2147483647;
			files = (
			);
			runOnlyForDeploymentPostprocessing = 0;
		};
		80BE7A592F7030E800C9DCD9 /* Sources */ = {
			isa = PBXSourcesBuildPhase;
			buildActionMask = 2147483647;
			files = (
			);
			runOnlyForDeploymentPostprocessing = 0;
		};
/* End PBXSourcesBuildPhase section */

/* Begin PBXTargetDependency section */
		80BE7A552F7030E800C9DCD9 /* PBXTargetDependency */ = {
			isa = PBXTargetDependency;
			target = 80BE7A412F7030E600C9DCD9 /* DataMirror */;
			targetProxy = 80BE7A542F7030E800C9DCD9 /* PBXContainerItemProxy */;
		};
		80BE7A5F2F7030E800C9DCD9 /* PBXTargetDependency */ = {
			isa = PBXTargetDependency;
			target = 80BE7A412F7030E600C9DCD9 /* DataMirror */;
			targetProxy = 80BE7A5E2F7030E800C9DCD9 /* PBXContainerItemProxy */;
		};
/* End PBXTargetDependency section */

/* Begin XCBuildConfiguration section */
		80BE7A672F7030E800C9DCD9 /* Debug */ = {
			isa = XCBuildConfiguration;
			buildSettings = {
				ASSETCATALOG_COMPILER_APPICON_NAME = AppIcon;
				ASSETCATALOG_COMPILER_GLOBAL_ACCENT_COLOR_NAME = AccentColor;
				CODE_SIGN_ENTITLEMENTS = DataMirror/DataMirror.entitlements;
				CODE_SIGN_STYLE = Automatic;
				CURRENT_PROJECT_VERSION = 1;
				DEVELOPMENT_TEAM = EJLR2RPSV2;
				ENABLE_PREVIEWS = YES;
				GENERATE_INFOPLIST_FILE = YES;
				INFOPLIST_FILE = DataMirror/Info.plist;
				INFOPLIST_KEY_UIApplicationSceneManifest_Generation = YES;
				INFOPLIST_KEY_UIApplicationSupportsIndirectInputEvents = YES;
				INFOPLIST_KEY_UILaunchScreen_Generation = YES;
				INFOPLIST_KEY_UISupportedInterfaceOrientations_iPad = "UIInterfaceOrientationPortrait UIInterfaceOrientationPortraitUpsideDown UIInterfaceOrientationLandscapeLeft UIInterfaceOrientationLandscapeRight";
				INFOPLIST_KEY_UISupportedInterfaceOrientations_iPhone = "UIInterfaceOrientationPortrait UIInterfaceOrientationLandscapeLeft UIInterfaceOrientationLandscapeRight";
				IPHONEOS_DEPLOYMENT_TARGET = 18.6;
				LD_RUNPATH_SEARCH_PATHS = (
					"$(inherited)",
					"@executable_path/Frameworks",
				);
				MARKETING_VERSION = 1.0;
				PRODUCT_BUNDLE_IDENTIFIER = com.nathanfennel.DataMirror;
				PRODUCT_NAME = "$(TARGET_NAME)";
				STRING_CATALOG_GENERATE_SYMBOLS = YES;
				SWIFT_APPROACHABLE_CONCURRENCY = YES;
				SWIFT_DEFAULT_ACTOR_ISOLATION = MainActor;
				SWIFT_EMIT_LOC_STRINGS = YES;
				SWIFT_TREAT_WARNINGS_AS_ERRORS = YES;
				SWIFT_UPCOMING_FEATURE_MEMBER_IMPORT_VISIBILITY = YES;
				SWIFT_VERSION = 5.0;
				TARGETED_DEVICE_FAMILY = "1,2";
			};
			name = Debug;
		};
		80BE7A682F7030E800C9DCD9 /* Release */ = {
			isa = XCBuildConfiguration;
			buildSettings = {
				ASSETCATALOG_COMPILER_APPICON_NAME = AppIcon;
				ASSETCATALOG_COMPILER_GLOBAL_ACCENT_COLOR_NAME = AccentColor;
				CODE_SIGN_ENTITLEMENTS = DataMirror/DataMirror.entitlements;
				CODE_SIGN_STYLE = Automatic;
				CURRENT_PROJECT_VERSION = 1;
				DEVELOPMENT_TEAM = EJLR2RPSV2;
				ENABLE_PREVIEWS = YES;
				GENERATE_INFOPLIST_FILE = YES;
				INFOPLIST_FILE = DataMirror/Info.plist;
				INFOPLIST_KEY_UIApplicationSceneManifest_Generation = YES;
				INFOPLIST_KEY_UIApplicationSupportsIndirectInputEvents = YES;
				INFOPLIST_KEY_UILaunchScreen_Generation = YES;
				INFOPLIST_KEY_UISupportedInterfaceOrientations_iPad = "UIInterfaceOrientationPortrait UIInterfaceOrientationPortraitUpsideDown UIInterfaceOrientationLandscapeLeft UIInterfaceOrientationLandscapeRight";
				INFOPLIST_KEY_UISupportedInterfaceOrientations_iPhone = "UIInterfaceOrientationPortrait UIInterfaceOrientationLandscapeLeft UIInterfaceOrientationLandscapeRight";
				IPHONEOS_DEPLOYMENT_TARGET = 18.6;
				LD_RUNPATH_SEARCH_PATHS = (
					"$(inherited)",
					"@executable_path/Frameworks",
				);
				MARKETING_VERSION = 1.0;
				PRODUCT_BUNDLE_IDENTIFIER = com.nathanfennel.DataMirror;
				PRODUCT_NAME = "$(TARGET_NAME)";
				STRING_CATALOG_GENERATE_SYMBOLS = YES;
				SWIFT_APPROACHABLE_CONCURRENCY = YES;
				SWIFT_DEFAULT_ACTOR_ISOLATION = MainActor;
				SWIFT_EMIT_LOC_STRINGS = YES;
				SWIFT_TREAT_WARNINGS_AS_ERRORS = YES;
				SWIFT_UPCOMING_FEATURE_MEMBER_IMPORT_VISIBILITY = YES;
				SWIFT_VERSION = 5.0;
				TARGETED_DEVICE_FAMILY = "1,2";
			};
			name = Release;
		};
		80BE7A692F7030E800C9DCD9 /* Debug */ = {
			isa = XCBuildConfiguration;
			buildSettings = {
				ALWAYS_SEARCH_USER_PATHS = NO;
				ASSETCATALOG_COMPILER_GENERATE_SWIFT_ASSET_SYMBOL_EXTENSIONS = YES;
				CLANG_ANALYZER_NONNULL = YES;
				CLANG_ANALYZER_NUMBER_OBJECT_CONVERSION = YES_AGGRESSIVE;
				CLANG_CXX_LANGUAGE_STANDARD = "gnu++20";
				CLANG_ENABLE_MODULES = YES;
				CLANG_ENABLE_OBJC_ARC = YES;
				CLANG_ENABLE_OBJC_WEAK = YES;
				CLANG_WARN_BLOCK_CAPTURE_AUTORELEASING = YES;
				CLANG_WARN_BOOL_CONVERSION = YES;
				CLANG_WARN_COMMA = YES;
				CLANG_WARN_CONSTANT_CONVERSION = YES;
				CLANG_WARN_DEPRECATED_OBJC_IMPLEMENTATIONS = YES;
				CLANG_WARN_DIRECT_OBJC_ISA_USAGE = YES_ERROR;
				CLANG_WARN_DOCUMENTATION_COMMENTS = YES;
				CLANG_WARN_EMPTY_BODY = YES;
				CLANG_WARN_ENUM_CONVERSION = YES;
				CLANG_WARN_INFINITE_RECURSION = YES;
				CLANG_WARN_INT_CONVERSION = YES;
				CLANG_WARN_NON_LITERAL_NULL_CONVERSION = YES;
				CLANG_WARN_OBJC_IMPLICIT_RETAIN_SELF = YES;
				CLANG_WARN_OBJC_LITERAL_CONVERSION = YES;
				CLANG_WARN_OBJC_ROOT_CLASS = YES_ERROR;
				CLANG_WARN_QUOTED_INCLUDE_IN_FRAMEWORK_HEADER = YES;
				CLANG_WARN_RANGE_LOOP_ANALYSIS = YES;
				CLANG_WARN_STRICT_PROTOTYPES = YES;
				CLANG_WARN_SUSPICIOUS_MOVE = YES;
				CLANG_WARN_UNGUARDED_AVAILABILITY = YES_AGGRESSIVE;
				CLANG_WARN_UNREACHABLE_CODE = YES;
				CLANG_WARN__DUPLICATE_METHOD_MATCH = YES;
				COPY_PHASE_STRIP = NO;
				DEBUG_INFORMATION_FORMAT = dwarf;
				DEVELOPMENT_TEAM = EJLR2RPSV2;
				ENABLE_STRICT_OBJC_MSGSEND = YES;
				ENABLE_TESTABILITY = YES;
				ENABLE_USER_SCRIPT_SANDBOXING = YES;
				GCC_C_LANGUAGE_STANDARD = gnu17;
				GCC_DYNAMIC_NO_PIC = NO;
				GCC_NO_COMMON_BLOCKS = YES;
				GCC_OPTIMIZATION_LEVEL = 0;
				GCC_PREPROCESSOR_DEFINITIONS = (
					"DEBUG=1",
					"$(inherited)",
				);
				GCC_WARN_64_TO_32_BIT_CONVERSION = YES;
				GCC_WARN_ABOUT_RETURN_TYPE = YES_ERROR;
				GCC_WARN_UNDECLARED_SELECTOR = YES;
				GCC_WARN_UNINITIALIZED_AUTOS = YES_AGGRESSIVE;
				GCC_WARN_UNUSED_FUNCTION = YES;
				GCC_WARN_UNUSED_VARIABLE = YES;
				IPHONEOS_DEPLOYMENT_TARGET = 26.2;
				LOCALIZATION_PREFERS_STRING_CATALOGS = YES;
				MTL_ENABLE_DEBUG_INFO = INCLUDE_SOURCE;
				MTL_FAST_MATH = YES;
				ONLY_ACTIVE_ARCH = YES;
				SDKROOT = iphoneos;
				SWIFT_ACTIVE_COMPILATION_CONDITIONS = "DEBUG $(inherited)";
				SWIFT_OPTIMIZATION_LEVEL = "-Onone";
			};
			name = Debug;
		};
		80BE7A6A2F7030E800C9DCD9 /* Release */ = {
			isa = XCBuildConfiguration;
			buildSettings = {
				ALWAYS_SEARCH_USER_PATHS = NO;
				ASSETCATALOG_COMPILER_GENERATE_SWIFT_ASSET_SYMBOL_EXTENSIONS = YES;
				CLANG_ANALYZER_NONNULL = YES;
				CLANG_ANALYZER_NUMBER_OBJECT_CONVERSION = YES_AGGRESSIVE;
				CLANG_CXX_LANGUAGE_STANDARD = "gnu++20";
				CLANG_ENABLE_MODULES = YES;
				CLANG_ENABLE_OBJC_ARC = YES;
				CLANG_ENABLE_OBJC_WEAK = YES;
				CLANG_WARN_BLOCK_CAPTURE_AUTORELEASING = YES;
				CLANG_WARN_BOOL_CONVERSION = YES;
				CLANG_WARN_COMMA = YES;
				CLANG_WARN_CONSTANT_CONVERSION = YES;
				CLANG_WARN_DEPRECATED_OBJC_IMPLEMENTATIONS = YES;
				CLANG_WARN_DIRECT_OBJC_ISA_USAGE = YES_ERROR;
				CLANG_WARN_DOCUMENTATION_COMMENTS = YES;
				CLANG_WARN_EMPTY_BODY = YES;
				CLANG_WARN_ENUM_CONVERSION = YES;
				CLANG_WARN_INFINITE_RECURSION = YES;
				CLANG_WARN_INT_CONVERSION = YES;
				CLANG_WARN_NON_LITERAL_NULL_CONVERSION = YES;
				CLANG_WARN_OBJC_IMPLICIT_RETAIN_SELF = YES;
				CLANG_WARN_OBJC_LITERAL_CONVERSION = YES;
				CLANG_WARN_OBJC_ROOT_CLASS = YES_ERROR;
				CLANG_WARN_QUOTED_INCLUDE_IN_FRAMEWORK_HEADER = YES;
				CLANG_WARN_RANGE_LOOP_ANALYSIS = YES;
				CLANG_WARN_STRICT_PROTOTYPES = YES;
				CLANG_WARN_SUSPICIOUS_MOVE = YES;
				CLANG_WARN_UNGUARDED_AVAILABILITY = YES_AGGRESSIVE;
				CLANG_WARN_UNREACHABLE_CODE = YES;
				CLANG_WARN__DUPLICATE_METHOD_MATCH = YES;
				COPY_PHASE_STRIP = NO;
				DEBUG_INFORMATION_FORMAT = "dwarf-with-dsym";
				DEVELOPMENT_TEAM = EJLR2RPSV2;
				ENABLE_NS_ASSERTIONS = NO;
				ENABLE_STRICT_OBJC_MSGSEND = YES;
				ENABLE_USER_SCRIPT_SANDBOXING = YES;
				GCC_C_LANGUAGE_STANDARD = gnu17;
				GCC_NO_COMMON_BLOCKS = YES;
				GCC_WARN_64_TO_32_BIT_CONVERSION = YES;
				GCC_WARN_ABOUT_RETURN_TYPE = YES_ERROR;
				GCC_WARN_UNDECLARED_SELECTOR = YES;
				GCC_WARN_UNINITIALIZED_AUTOS = YES_AGGRESSIVE;
				GCC_WARN_UNUSED_FUNCTION = YES;
				GCC_WARN_UNUSED_VARIABLE = YES;
				IPHONEOS_DEPLOYMENT_TARGET = 26.2;
				LOCALIZATION_PREFERS_STRING_CATALOGS = YES;
				MTL_ENABLE_DEBUG_INFO = NO;
				MTL_FAST_MATH = YES;
				SDKROOT = iphoneos;
				SWIFT_COMPILATION_MODE = wholemodule;
				VALIDATE_PRODUCT = YES;
			};
			name = Release;
		};
		80BE7A6C2F7030E800C9DCD9 /* Debug */ = {
			isa = XCBuildConfiguration;
			buildSettings = {
				BUNDLE_LOADER = "$(TEST_HOST)";
				CODE_SIGN_STYLE = Automatic;
				CURRENT_PROJECT_VERSION = 1;
				DEVELOPMENT_TEAM = EJLR2RPSV2;
				GENERATE_INFOPLIST_FILE = YES;
				IPHONEOS_DEPLOYMENT_TARGET = 26.2;
				MARKETING_VERSION = 1.0;
				PRODUCT_BUNDLE_IDENTIFIER = com.nathanfennel.DataMirrorTests;
				PRODUCT_NAME = "$(TARGET_NAME)";
				STRING_CATALOG_GENERATE_SYMBOLS = NO;
				SWIFT_APPROACHABLE_CONCURRENCY = YES;
				SWIFT_EMIT_LOC_STRINGS = NO;
				SWIFT_UPCOMING_FEATURE_MEMBER_IMPORT_VISIBILITY = YES;
				SWIFT_VERSION = 5.0;
				TARGETED_DEVICE_FAMILY = "1,2";
				TEST_HOST = "$(BUILT_PRODUCTS_DIR)/DataMirror.app/$(BUNDLE_EXECUTABLE_FOLDER_PATH)/DataMirror";
			};
			name = Debug;
		};
		80BE7A6D2F7030E800C9DCD9 /* Release */ = {
			isa = XCBuildConfiguration;
			buildSettings = {
				BUNDLE_LOADER = "$(TEST_HOST)";
				CODE_SIGN_STYLE = Automatic;
				CURRENT_PROJECT_VERSION = 1;
				DEVELOPMENT_TEAM = EJLR2RPSV2;
				GENERATE_INFOPLIST_FILE = YES;
				IPHONEOS_DEPLOYMENT_TARGET = 26.2;
				MARKETING_VERSION = 1.0;
				PRODUCT_BUNDLE_IDENTIFIER = com.nathanfennel.DataMirrorTests;
				PRODUCT_NAME = "$(TARGET_NAME)";
				STRING_CATALOG_GENERATE_SYMBOLS = NO;
				SWIFT_APPROACHABLE_CONCURRENCY = YES;
				SWIFT_EMIT_LOC_STRINGS = NO;
				SWIFT_UPCOMING_FEATURE_MEMBER_IMPORT_VISIBILITY = YES;
				SWIFT_VERSION = 5.0;
				TARGETED_DEVICE_FAMILY = "1,2";
				TEST_HOST = "$(BUILT_PRODUCTS_DIR)/DataMirror.app/$(BUNDLE_EXECUTABLE_FOLDER_PATH)/DataMirror";
			};
			name = Release;
		};
		80BE7A6F2F7030E800C9DCD9 /* Debug */ = {
			isa = XCBuildConfiguration;
			buildSettings = {
				CODE_SIGN_STYLE = Automatic;
				CURRENT_PROJECT_VERSION = 1;
				DEVELOPMENT_TEAM = EJLR2RPSV2;
				GENERATE_INFOPLIST_FILE = YES;
				MARKETING_VERSION = 1.0;
				PRODUCT_BUNDLE_IDENTIFIER = com.nathanfennel.DataMirrorUITests;
				PRODUCT_NAME = "$(TARGET_NAME)";
				STRING_CATALOG_GENERATE_SYMBOLS = NO;
				SWIFT_APPROACHABLE_CONCURRENCY = YES;
				SWIFT_EMIT_LOC_STRINGS = NO;
				SWIFT_UPCOMING_FEATURE_MEMBER_IMPORT_VISIBILITY = YES;
				SWIFT_VERSION = 5.0;
				TARGETED_DEVICE_FAMILY = "1,2";
				TEST_TARGET_NAME = DataMirror;
			};
			name = Debug;
		};
		80BE7A702F7030E800C9DCD9 /* Release */ = {
			isa = XCBuildConfiguration;
			buildSettings = {
				CODE_SIGN_STYLE = Automatic;
				CURRENT_PROJECT_VERSION = 1;
				DEVELOPMENT_TEAM = EJLR2RPSV2;
				GENERATE_INFOPLIST_FILE = YES;
				MARKETING_VERSION = 1.0;
				PRODUCT_BUNDLE_IDENTIFIER = com.nathanfennel.DataMirrorUITests;
				PRODUCT_NAME = "$(TARGET_NAME)";
				STRING_CATALOG_GENERATE_SYMBOLS = NO;
				SWIFT_APPROACHABLE_CONCURRENCY = YES;
				SWIFT_EMIT_LOC_STRINGS = NO;
				SWIFT_UPCOMING_FEATURE_MEMBER_IMPORT_VISIBILITY = YES;
				SWIFT_VERSION = 5.0;
				TARGETED_DEVICE_FAMILY = "1,2";
				TEST_TARGET_NAME = DataMirror;
			};
			name = Release;
		};
/* End XCBuildConfiguration section */

/* Begin XCConfigurationList section */
		80BE7A3D2F7030E600C9DCD9 /* Build configuration list for PBXProject "DataMirror" */ = {
			isa = XCConfigurationList;
			buildConfigurations = (
				80BE7A692F7030E800C9DCD9 /* Debug */,
				80BE7A6A2F7030E800C9DCD9 /* Release */,
			);
			defaultConfigurationIsVisible = 0;
			defaultConfigurationName = Release;
		};
		80BE7A662F7030E800C9DCD9 /* Build configuration list for PBXNativeTarget "DataMirror" */ = {
			isa = XCConfigurationList;
			buildConfigurations = (
				80BE7A672F7030E800C9DCD9 /* Debug */,
				80BE7A682F7030E800C9DCD9 /* Release */,
			);
			defaultConfigurationIsVisible = 0;
			defaultConfigurationName = Release;
		};
		80BE7A6B2F7030E800C9DCD9 /* Build configuration list for PBXNativeTarget "DataMirrorTests" */ = {
			isa = XCConfigurationList;
			buildConfigurations = (
				80BE7A6C2F7030E800C9DCD9 /* Debug */,
				80BE7A6D2F7030E800C9DCD9 /* Release */,
			);
			defaultConfigurationIsVisible = 0;
			defaultConfigurationName = Release;
		};
		80BE7A6E2F7030E800C9DCD9 /* Build configuration list for PBXNativeTarget "DataMirrorUITests" */ = {
			isa = XCConfigurationList;
			buildConfigurations = (
				80BE7A6F2F7030E800C9DCD9 /* Debug */,
				80BE7A702F7030E800C9DCD9 /* Release */,
			);
			defaultConfigurationIsVisible = 0;
			defaultConfigurationName = Release;
		};
/* End XCConfigurationList section */

/* Begin XCRemoteSwiftPackageReference section */
		AA000003AA000003AA000003 /* XCRemoteSwiftPackageReference "swift-composable-architecture" */ = {
			isa = XCRemoteSwiftPackageReference;
			repositoryURL = "https://github.com/pointfreeco/swift-composable-architecture";
			requirement = {
				kind = upToNextMajorVersion;
				minimumVersion = 1.0.0;
			};
		};
/* End XCRemoteSwiftPackageReference section */

/* Begin XCSwiftPackageProductDependency section */
		AA000002AA000002AA000002 /* ComposableArchitecture */ = {
			isa = XCSwiftPackageProductDependency;
			package = AA000003AA000003AA000003 /* XCRemoteSwiftPackageReference "swift-composable-architecture" */;
			productName = ComposableArchitecture;
		};
/* End XCSwiftPackageProductDependency section */
	};
	rootObject = 80BE7A3A2F7030E600C9DCD9 /* Project object */;
}
